<?xml version="1.0" encoding="utf-8"?>
<Project ToolsVersion="4.0" xmlns="http://schemas.microsoft.com/developer/msbuild/2003">
  <ItemGroup>
    <Filter Include="amf">
      <UniqueIdentifier>{7873d24d-9f99-4c1a-b2bf-f812149ac569}</UniqueIdentifier>
    </Filter>
    <Filter Include="game">
      <UniqueIdentifier>{1a0e4846-218b-4683-bc05-b8eae9e5fcf4}</UniqueIdentifier>
    </Filter>
    <Filter Include="pugixml">
      <UniqueIdentifier>{c058f918-40cb-4f68-810d-cb93184df941}</UniqueIdentifier>
    </Filter>
    <Filter Include="util">
      <UniqueIdentifier>{3ee6b337-afb5-4b8b-b9f6-475c42ee8968}</UniqueIdentifier>
    </Filter>
  </ItemGroup>
  <ItemGroup>
    <ClCompile Include="amf\AMFArrayWriter.cpp">
      <Filter>amf</Filter>
    </ClCompile>
    <ClCompile Include="amf\AMFObjectWriter.cpp">
      <Filter>amf</Filter>
    </ClCompile>
    <ClCompile Include="amf\AMFReader.cpp">
      <Filter>amf</Filter>
    </ClCompile>
    <ClCompile Include="amf\AMFWriter.cpp">
      <Filter>amf</Filter>
    </ClCompile>
    <ClCompile Include="game\BaseConnection.cpp">
      <Filter>game</Filter>
    </ClCompile>
    <ClCompile Include="game\Connection.cpp">
      <Filter>game</Filter>
    </ClCompile>
    <ClCompile Include="game\Player.cpp">
      <Filter>game</Filter>
    </ClCompile>
    <ClCompile Include="game\PlayerManager.cpp">
      <Filter>game</Filter>
    </ClCompile>
    <ClCompile Include="game\Settings.cpp">
      <Filter>game</Filter>
    </ClCompile>
    <ClCompile Include="pugixml\pugixml.cpp">
      <Filter>pugixml</Filter>
    </ClCompile>
    <ClCompile Include="pugixml\pugixpath.cpp">
      <Filter>pugixml</Filter>
    </ClCompile>
    <ClCompile Include="util\AsyncIOSystem.cpp">
      <Filter>util</Filter>
    </ClCompile>
    <ClCompile Include="util\CircularBuffer.cpp">
      <Filter>util</Filter>
    </ClCompile>
    <ClCompile Include="util\String.cpp">
      <Filter>util</Filter>
    </ClCompile>
    <ClCompile Include="util\Util.cpp">
      <Filter>util</Filter>
    </ClCompile>
    <ClCompile Include="Console.cpp" />
    <ClCompile Include="CrossDomainPolicyResolver.cpp" />
    <ClCompile Include="main.cpp" />
    <ClCompile Include="Server.cpp" />
    <ClCompile Include="game\Board.cpp">
      <Filter>game</Filter>
    </ClCompile>
    <ClCompile Include="game\WaveFigure.cpp">
      <Filter>game</Filter>
    </ClCompile>
    <ClCompile Include="game\Figure.cpp">
      <Filter>game</Filter>
    </ClCompile>
    <ClCompile Include="game\Pawn.cpp">
      <Filter>game</Filter>
    </ClCompile>
    <ClCompile Include="game\King.cpp" />
  </ItemGroup>
  <ItemGroup>
    <ClInclude Include="amf\AMFArrayWriter.h">
      <Filter>amf</Filter>
    </ClInclude>
    <ClInclude Include="amf\AMFObjectWriter.h">
      <Filter>amf</Filter>
    </ClInclude>
    <ClInclude Include="amf\AMFReader.h">
      <Filter>amf</Filter>
    </ClInclude>
    <ClInclude Include="amf\AMFWriter.h">
      <Filter>amf</Filter>
    </ClInclude>
    <ClInclude Include="game\BaseConnection.h">
      <Filter>game</Filter>
    </ClInclude>
    <ClInclude Include="game\Connection.h">
      <Filter>game</Filter>
    </ClInclude>
    <ClInclude Include="game\GameEvent.h">
      <Filter>game</Filter>
    </ClInclude>
    <ClInclude Include="game\Player.h">
      <Filter>game</Filter>
    </ClInclude>
    <ClInclude Include="game\PlayerManager.h">
      <Filter>game</Filter>
    </ClInclude>
    <ClInclude Include="game\Result.h">
      <Filter>game</Filter>
    </ClInclude>
    <ClInclude Include="game\Settings.h">
      <Filter>game</Filter>
    </ClInclude>
    <ClInclude Include="pugixml\pugiconfig.hpp">
      <Filter>pugixml</Filter>
    </ClInclude>
    <ClInclude Include="pugixml\pugixml.hpp">
      <Filter>pugixml</Filter>
    </ClInclude>
    <ClInclude Include="util\Array.h">
      <Filter>util</Filter>
    </ClInclude>
    <ClInclude Include="util\Array.hpp">
      <Filter>util</Filter>
    </ClInclude>
    <ClInclude Include="util\AsyncData.h">
      <Filter>util</Filter>
    </ClInclude>
    <ClInclude Include="util\AsyncIOSystem.h">
      <Filter>util</Filter>
    </ClInclude>
    <ClInclude Include="util\AtomicPointer.h">
      <Filter>util</Filter>
    </ClInclude>
    <ClInclude Include="util\ByteOrder.h">
      <Filter>util</Filter>
    </ClInclude>
    <ClInclude Include="util\CircularBuffer.h">
      <Filter>util</Filter>
    </ClInclude>
    <ClInclude Include="util\Enforce.h">
      <Filter>util</Filter>
    </ClInclude>
    <ClInclude Include="util\FixedArray.h">
      <Filter>util</Filter>
    </ClInclude>
    <ClInclude Include="util\FixedArray.hpp">
      <Filter>util</Filter>
    </ClInclude>
    <ClInclude Include="util\LookUp.h">
      <Filter>util</Filter>
    </ClInclude>
    <ClInclude Include="util\String.h">
      <Filter>util</Filter>
    </ClInclude>
    <ClInclude Include="util\Util.h">
      <Filter>util</Filter>
    </ClInclude>
    <ClInclude Include="Console.h" />
    <ClInclude Include="CrossDomainPolicyResolver.h" />
    <ClInclude Include="Server.h" />
    <ClInclude Include="game\Board.h">
      <Filter>game</Filter>
    </ClInclude>
    <ClInclude Include="game\WaveFigure.h">
      <Filter>game</Filter>
    </ClInclude>
    <ClInclude Include="game\Figure.h">
      <Filter>game</Filter>
    </ClInclude>
    <ClInclude Include="game\Pawn.h">
      <Filter>game</Filter>
    </ClInclude>
    <ClInclude Include="game\King.h" />
  </ItemGroup>
</Project>